
Microsoft Visual Studio Solution File, Format Version 12.00
# Visual Studio Version 16
VisualStudioVersion = 16.0.31019.35
MinimumVisualStudioVersion = 10.0.40219.1
Project("{FAE04EC0-301F-11D3-BF4B-00C04F79EFBC}") = "FantasticWorder", "FantasticWorder\FantasticWorder.csproj", "{1C7DFEE1-CD89-457B-B66A-E2C06D1CA422}"
EndProject
Global
	GlobalSection(SolutionConfigurationPlatforms) = preSolution
		Debug|Any CPU = Debug|Any CPU
		Release|Any CPU = Release|Any CPU
	EndGlobalSection
	GlobalSection(ProjectConfigurationPlatforms) = postSolution
		{1C7DFEE1-CD89-457B-B66A-E2C06D1CA422}.Debug|Any CPU.ActiveCfg = Debug|Any CPU
		{1C7DFEE1-CD89-457B-B66A-E2C06D1CA422}.Debug|Any CPU.Build.0 = Debug|Any CPU
		{1C7DFEE1-CD89-457B-B66A-E2C06D1CA422}.Release|Any CPU.ActiveCfg = Release|Any CPU
		{1C7DFEE1-CD89-457B-B66A-E2C06D1CA422}.Release|Any CPU.Build.0 = Release|Any CPU
	EndGlobalSection
	GlobalSection(SolutionProperties) = preSolution
		HideSolutionNode = FALSE
	EndGlobalSection
	GlobalSection(ExtensibilityGlobals) = postSolution
		SolutionGuid = {59B358E0-7E67-40C9-B98D-C3216E3E12FB}
	EndGlobalSection
EndGlobal
